
Microsoft Visual Studio Solution File, Format Version 12.00
# Visual Studio Version 16
VisualStudioVersion = 16.0.31613.86
MinimumVisualStudioVersion = 10.0.40219.1
Project("{FAE04EC0-301F-11D3-BF4B-00C04F79EFBC}") = "Calculator", "Calculator\Calculator.csproj", "{4DD52A24-5B91-4D42-B8EC-171F2D39BAFA}"
EndProject
Global
	GlobalSection(SolutionConfigurationPlatforms) = preSolution
		Debug|Any CPU = Debug|Any CPU
		Release|Any CPU = Release|Any CPU
	EndGlobalSection
	GlobalSection(ProjectConfigurationPlatforms) = postSolution
		{4DD52A24-5B91-4D42-B8EC-171F2D39BAFA}.Debug|Any CPU.ActiveCfg = Debug|Any CPU
		{4DD52A24-5B91-4D42-B8EC-171F2D39BAFA}.Debug|Any CPU.Build.0 = Debug|Any CPU
		{4DD52A24-5B91-4D42-B8EC-171F2D39BAFA}.Release|Any CPU.ActiveCfg = Release|Any CPU
		{4DD52A24-5B91-4D42-B8EC-171F2D39BAFA}.Release|Any CPU.Build.0 = Release|Any CPU
	EndGlobalSection
	GlobalSection(SolutionProperties) = preSolution
		HideSolutionNode = FALSE
	EndGlobalSection
	GlobalSection(ExtensibilityGlobals) = postSolution
		SolutionGuid = {85AB3FF4-6F2C-4374-BFA5-985B69FBB075}
	EndGlobalSection
EndGlobal
